{"filter":false,"title":"package-lock.json","tooltip":"/node/leegyurye-npm-deploy/package-lock.json","undoManager":{"mark":-1,"position":-1,"stack":[]},"ace":{"folds":[],"scrolltop":0,"scrollleft":0,"selection":{"start":{"row":0,"column":0},"end":{"row":0,"column":0},"isBackwards":false},"options":{"guessTabSize":true,"useWrapMode":false,"wrapToView":true},"firstLineState":0},"timestamp":1688016808200,"hash":"d21117dfe309dc3e748f2e7364be61a8ada01df2"}